
Microsoft Visual Studio Solution File, Format Version 12.00
# Visual Studio 15
VisualStudioVersion = 15.0.27004.2005
MinimumVisualStudioVersion = 10.0.40219.1
Project("{2150E333-8FDC-42A3-9474-1A3956D46DE8}") = "Solution Items", "Solution Items", "{2A98113A-0A62-4035-B2BA-AC20C4BB05EF}"
	ProjectSection(SolutionItems) = preProject
		.editorconfig = .editorconfig
		LICENSE = LICENSE
		NuGet.Config = NuGet.Config
		Projects_Clear.cmd = Projects_Clear.cmd
		Projects_SuperClear.cmd = Projects_SuperClear.cmd
		README.md = README.md
		SharedAssemblyInfo.cs = SharedAssemblyInfo.cs
		Solution.ruleset = Solution.ruleset
	EndProjectSection
EndProject
Project("{9A19103F-16F7-4668-BE54-9A1E7A4F7556}") = "KdSoft.StorageBase", "KdSoft.StorageBase\KdSoft.StorageBase.csproj", "{52293615-FB29-44F3-BA89-1E6581C156ED}"
EndProject
Project("{9A19103F-16F7-4668-BE54-9A1E7A4F7556}") = "KdSoft.TransientStorage", "KdSoft.TransientStorage\KdSoft.TransientStorage.csproj", "{0351CD33-6CC2-4D75-9FB6-807865BA291A}"
EndProject
Project("{2150E333-8FDC-42A3-9474-1A3956D46DE8}") = "nuget", "nuget", "{E017A36A-FECA-4D53-BC34-CE7D5D4C8791}"
	ProjectSection(SolutionItems) = preProject
		artifacts\CollectPackages.cmd = artifacts\CollectPackages.cmd
	EndProjectSection
EndProject
Project("{9A19103F-16F7-4668-BE54-9A1E7A4F7556}") = "docfx", "docfx\docfx.csproj", "{D0D77D03-2878-4CCE-80D6-1D279942EAA1}"
	ProjectSection(ProjectDependencies) = postProject
		{0351CD33-6CC2-4D75-9FB6-807865BA291A} = {0351CD33-6CC2-4D75-9FB6-807865BA291A}
	EndProjectSection
EndProject
Global
	GlobalSection(SolutionConfigurationPlatforms) = preSolution
		Debug|Any CPU = Debug|Any CPU
		Release|Any CPU = Release|Any CPU
	EndGlobalSection
	GlobalSection(ProjectConfigurationPlatforms) = postSolution
		{52293615-FB29-44F3-BA89-1E6581C156ED}.Debug|Any CPU.ActiveCfg = Debug|Any CPU
		{52293615-FB29-44F3-BA89-1E6581C156ED}.Debug|Any CPU.Build.0 = Debug|Any CPU
		{52293615-FB29-44F3-BA89-1E6581C156ED}.Release|Any CPU.ActiveCfg = Release|Any CPU
		{52293615-FB29-44F3-BA89-1E6581C156ED}.Release|Any CPU.Build.0 = Release|Any CPU
		{0351CD33-6CC2-4D75-9FB6-807865BA291A}.Debug|Any CPU.ActiveCfg = Debug|Any CPU
		{0351CD33-6CC2-4D75-9FB6-807865BA291A}.Debug|Any CPU.Build.0 = Debug|Any CPU
		{0351CD33-6CC2-4D75-9FB6-807865BA291A}.Release|Any CPU.ActiveCfg = Release|Any CPU
		{0351CD33-6CC2-4D75-9FB6-807865BA291A}.Release|Any CPU.Build.0 = Release|Any CPU
		{D0D77D03-2878-4CCE-80D6-1D279942EAA1}.Debug|Any CPU.ActiveCfg = Debug|Any CPU
		{D0D77D03-2878-4CCE-80D6-1D279942EAA1}.Release|Any CPU.ActiveCfg = Release|Any CPU
		{D0D77D03-2878-4CCE-80D6-1D279942EAA1}.Release|Any CPU.Build.0 = Release|Any CPU
	EndGlobalSection
	GlobalSection(SolutionProperties) = preSolution
		HideSolutionNode = FALSE
	EndGlobalSection
	GlobalSection(NestedProjects) = preSolution
		{E017A36A-FECA-4D53-BC34-CE7D5D4C8791} = {2A98113A-0A62-4035-B2BA-AC20C4BB05EF}
	EndGlobalSection
	GlobalSection(ExtensibilityGlobals) = postSolution
		SolutionGuid = {DBC88E05-7848-42D0-9E7F-AD9830F41E9D}
	EndGlobalSection
EndGlobal
